
Microsoft Visual Studio Solution File, Format Version 12.00
# Visual Studio Version 17
VisualStudioVersion = 17.0.31903.59
MinimumVisualStudioVersion = 10.0.40219.1
Project("{2150E333-8FDC-42A3-9474-1A3956D46DE8}") = "Core", "Core", "{6ACEBE52-BB34-4398-9EA3-DBB3ED60C799}"
EndProject
Project("{2150E333-8FDC-42A3-9474-1A3956D46DE8}") = "Infrostraction", "Infrostraction", "{C85D1C08-4CB0-4EA7-8F92-3252748247F4}"
EndProject
Project("{2150E333-8FDC-42A3-9474-1A3956D46DE8}") = "Presentansion", "Presentansion", "{5A300643-57CA-4D3D-9FA4-EE615F2E85DF}"
EndProject
Project("{2150E333-8FDC-42A3-9474-1A3956D46DE8}") = "Test", "Test", "{0F7083F2-0A4E-4371-9497-E1295CDEB87C}"
EndProject
Global
	GlobalSection(SolutionProperties) = preSolution
		HideSolutionNode = FALSE
	EndGlobalSection
	GlobalSection(ExtensibilityGlobals) = postSolution
		SolutionGuid = {4A7FD071-71DB-4536-9909-8DEEF2872779}
	EndGlobalSection
EndGlobal
